// !$*UTF8*$!
{
	archiveVersion = 1;
	classes = {
	};
	objectVersion = 55;
	objects = {

/* Begin PBXBuildFile section */
		318E8195279D0C51006FAFD6 /* Date.swift in Sources */ = {isa = PBXBuildFile; fileRef = 318E8194279D0C51006FAFD6 /* Date.swift */; };
		318E8197279D0F90006FAFD6 /* APODModel.swift in Sources */ = {isa = PBXBuildFile; fileRef = 318E8196279D0F90006FAFD6 /* APODModel.swift */; };
		318E819D279D1895006FAFD6 /* UserDefaultManager.swift in Sources */ = {isa = PBXBuildFile; fileRef = 318E819C279D1895006FAFD6 /* UserDefaultManager.swift */; };
		318E819F279D26BD006FAFD6 /* APODView.swift in Sources */ = {isa = PBXBuildFile; fileRef = 318E819E279D26BD006FAFD6 /* APODView.swift */; };
		318E81A1279D2965006FAFD6 /* InfoView.swift in Sources */ = {isa = PBXBuildFile; fileRef = 318E81A0279D2965006FAFD6 /* InfoView.swift */; };
		318E81A3279D2A05006FAFD6 /* DatePickerView.swift in Sources */ = {isa = PBXBuildFile; fileRef = 318E81A2279D2A05006FAFD6 /* DatePickerView.swift */; };
		318E81A5279D31F8006FAFD6 /* AppColor.swift in Sources */ = {isa = PBXBuildFile; fileRef = 318E81A4279D31F8006FAFD6 /* AppColor.swift */; };
		318E81A7279D3EC9006FAFD6 /* RealmManager.swift in Sources */ = {isa = PBXBuildFile; fileRef = 318E81A6279D3EC9006FAFD6 /* RealmManager.swift */; };
		318E81A9279D3EDE006FAFD6 /* APODModelRealm.swift in Sources */ = {isa = PBXBuildFile; fileRef = 318E81A8279D3EDE006FAFD6 /* APODModelRealm.swift */; };
		318E81AB279D549F006FAFD6 /* FavoriteViewController.swift in Sources */ = {isa = PBXBuildFile; fileRef = 318E81AA279D549F006FAFD6 /* FavoriteViewController.swift */; };
		318E81AE279D55F8006FAFD6 /* APODTableViewCell.swift in Sources */ = {isa = PBXBuildFile; fileRef = 318E81AC279D55F8006FAFD6 /* APODTableViewCell.swift */; };
		318E81AF279D55F8006FAFD6 /* APODTableViewCell.xib in Resources */ = {isa = PBXBuildFile; fileRef = 318E81AD279D55F8006FAFD6 /* APODTableViewCell.xib */; };
		318E81B6279D7171006FAFD6 /* String.swift in Sources */ = {isa = PBXBuildFile; fileRef = 318E81B5279D7170006FAFD6 /* String.swift */; };
		318E81BF279D76A7006FAFD6 /* APODViewModel.swift in Sources */ = {isa = PBXBuildFile; fileRef = 318E81BE279D76A7006FAFD6 /* APODViewModel.swift */; };
		318E81C1279D76B4006FAFD6 /* FavoriteViewModel.swift in Sources */ = {isa = PBXBuildFile; fileRef = 318E81C0279D76B4006FAFD6 /* FavoriteViewModel.swift */; };
		31ACCC0627917C9F0076F158 /* AppDelegate.swift in Sources */ = {isa = PBXBuildFile; fileRef = 31ACCC0527917C9F0076F158 /* AppDelegate.swift */; };
		31ACCC0827917C9F0076F158 /* SceneDelegate.swift in Sources */ = {isa = PBXBuildFile; fileRef = 31ACCC0727917C9F0076F158 /* SceneDelegate.swift */; };
		31ACCC0A27917C9F0076F158 /* APODViewController.swift in Sources */ = {isa = PBXBuildFile; fileRef = 31ACCC0927917C9F0076F158 /* APODViewController.swift */; };
		31ACCC0D27917C9F0076F158 /* Main.storyboard in Resources */ = {isa = PBXBuildFile; fileRef = 31ACCC0B27917C9F0076F158 /* Main.storyboard */; };
		31ACCC0F27917CA10076F158 /* Assets.xcassets in Resources */ = {isa = PBXBuildFile; fileRef = 31ACCC0E27917CA10076F158 /* Assets.xcassets */; };
		31ACCC1227917CA10076F158 /* LaunchScreen.storyboard in Resources */ = {isa = PBXBuildFile; fileRef = 31ACCC1027917CA10076F158 /* LaunchScreen.storyboard */; };
		31ACCC1A2792CC870076F158 /* NetworkService.swift in Sources */ = {isa = PBXBuildFile; fileRef = 31ACCC192792CC870076F158 /* NetworkService.swift */; };
		31ACCC1C2792CD490076F158 /* Resource.swift in Sources */ = {isa = PBXBuildFile; fileRef = 31ACCC1B2792CD490076F158 /* Resource.swift */; };
		31ACCC1E2792CD7C0076F158 /* Router.swift in Sources */ = {isa = PBXBuildFile; fileRef = 31ACCC1D2792CD7C0076F158 /* Router.swift */; };
		31ACCC202792CDA50076F158 /* APODRouter.swift in Sources */ = {isa = PBXBuildFile; fileRef = 31ACCC1F2792CDA50076F158 /* APODRouter.swift */; };
		31ACCC222792CE480076F158 /* RequestHeader.swift in Sources */ = {isa = PBXBuildFile; fileRef = 31ACCC212792CE480076F158 /* RequestHeader.swift */; };
		31ACCC242792CE670076F158 /* QueryParams.swift in Sources */ = {isa = PBXBuildFile; fileRef = 31ACCC232792CE670076F158 /* QueryParams.swift */; };
		31ACCC262792CE840076F158 /* HttpRequest.swift in Sources */ = {isa = PBXBuildFile; fileRef = 31ACCC252792CE840076F158 /* HttpRequest.swift */; };
		31ACCC282792D06D0076F158 /* AppConfig.swift in Sources */ = {isa = PBXBuildFile; fileRef = 31ACCC272792D06D0076F158 /* AppConfig.swift */; };
		31ACCC2A2792D0EB0076F158 /* APODService.swift in Sources */ = {isa = PBXBuildFile; fileRef = 31ACCC292792D0EB0076F158 /* APODService.swift */; };
		31ACCC2C2792D1070076F158 /* AppError.swift in Sources */ = {isa = PBXBuildFile; fileRef = 31ACCC2B2792D1070076F158 /* AppError.swift */; };
		B61FEA22785ED9DDEA749F67 /* Pods_APODSample.framework in Frameworks */ = {isa = PBXBuildFile; fileRef = BA2C903EA6FF56F8C4EC5FD5 /* Pods_APODSample.framework */; };
/* End PBXBuildFile section */

/* Begin PBXFileReference section */
		07A7B88CA8CEE7A08475D24C /* Pods-APODSample.debug.xcconfig */ = {isa = PBXFileReference; includeInIndex = 1; lastKnownFileType = text.xcconfig; name = "Pods-APODSample.debug.xcconfig"; path = "Target Support Files/Pods-APODSample/Pods-APODSample.debug.xcconfig"; sourceTree = "<group>"; };
		1390B6EF8BFB27E4BACBEA40 /* Pods-NASA-Test.release.xcconfig */ = {isa = PBXFileReference; includeInIndex = 1; lastKnownFileType = text.xcconfig; name = "Pods-NASA-Test.release.xcconfig"; path = "Target Support Files/Pods-NASA-Test/Pods-NASA-Test.release.xcconfig"; sourceTree = "<group>"; };
		24F4C1C1888D8912D1615DFE /* Pods-APODSample.release.xcconfig */ = {isa = PBXFileReference; includeInIndex = 1; lastKnownFileType = text.xcconfig; name = "Pods-APODSample.release.xcconfig"; path = "Target Support Files/Pods-APODSample/Pods-APODSample.release.xcconfig"; sourceTree = "<group>"; };
		318E8194279D0C51006FAFD6 /* Date.swift */ = {isa = PBXFileReference; lastKnownFileType = sourcecode.swift; path = Date.swift; sourceTree = "<group>"; };
		318E8196279D0F90006FAFD6 /* APODModel.swift */ = {isa = PBXFileReference; lastKnownFileType = sourcecode.swift; path = APODModel.swift; sourceTree = "<group>"; };
		318E819C279D1895006FAFD6 /* UserDefaultManager.swift */ = {isa = PBXFileReference; lastKnownFileType = sourcecode.swift; path = UserDefaultManager.swift; sourceTree = "<group>"; };
		318E819E279D26BD006FAFD6 /* APODView.swift */ = {isa = PBXFileReference; lastKnownFileType = sourcecode.swift; path = APODView.swift; sourceTree = "<group>"; };
		318E81A0279D2965006FAFD6 /* InfoView.swift */ = {isa = PBXFileReference; lastKnownFileType = sourcecode.swift; path = InfoView.swift; sourceTree = "<group>"; };
		318E81A2279D2A05006FAFD6 /* DatePickerView.swift */ = {isa = PBXFileReference; lastKnownFileType = sourcecode.swift; path = DatePickerView.swift; sourceTree = "<group>"; };
		318E81A4279D31F8006FAFD6 /* AppColor.swift */ = {isa = PBXFileReference; lastKnownFileType = sourcecode.swift; path = AppColor.swift; sourceTree = "<group>"; };
		318E81A6279D3EC9006FAFD6 /* RealmManager.swift */ = {isa = PBXFileReference; lastKnownFileType = sourcecode.swift; path = RealmManager.swift; sourceTree = "<group>"; };
		318E81A8279D3EDE006FAFD6 /* APODModelRealm.swift */ = {isa = PBXFileReference; lastKnownFileType = sourcecode.swift; path = APODModelRealm.swift; sourceTree = "<group>"; };
		318E81AA279D549F006FAFD6 /* FavoriteViewController.swift */ = {isa = PBXFileReference; lastKnownFileType = sourcecode.swift; path = FavoriteViewController.swift; sourceTree = "<group>"; };
		318E81AC279D55F8006FAFD6 /* APODTableViewCell.swift */ = {isa = PBXFileReference; lastKnownFileType = sourcecode.swift; path = APODTableViewCell.swift; sourceTree = "<group>"; };
		318E81AD279D55F8006FAFD6 /* APODTableViewCell.xib */ = {isa = PBXFileReference; lastKnownFileType = file.xib; path = APODTableViewCell.xib; sourceTree = "<group>"; };
		318E81B5279D7170006FAFD6 /* String.swift */ = {isa = PBXFileReference; lastKnownFileType = sourcecode.swift; path = String.swift; sourceTree = "<group>"; };
		318E81BE279D76A7006FAFD6 /* APODViewModel.swift */ = {isa = PBXFileReference; lastKnownFileType = sourcecode.swift; path = APODViewModel.swift; sourceTree = "<group>"; };
		318E81C0279D76B4006FAFD6 /* FavoriteViewModel.swift */ = {isa = PBXFileReference; lastKnownFileType = sourcecode.swift; path = FavoriteViewModel.swift; sourceTree = "<group>"; };
		31ACCC0227917C9F0076F158 /* APODSample.app */ = {isa = PBXFileReference; explicitFileType = wrapper.application; includeInIndex = 0; path = APODSample.app; sourceTree = BUILT_PRODUCTS_DIR; };
		31ACCC0527917C9F0076F158 /* AppDelegate.swift */ = {isa = PBXFileReference; lastKnownFileType = sourcecode.swift; path = AppDelegate.swift; sourceTree = "<group>"; };
		31ACCC0727917C9F0076F158 /* SceneDelegate.swift */ = {isa = PBXFileReference; lastKnownFileType = sourcecode.swift; path = SceneDelegate.swift; sourceTree = "<group>"; };
		31ACCC0927917C9F0076F158 /* APODViewController.swift */ = {isa = PBXFileReference; lastKnownFileType = sourcecode.swift; path = APODViewController.swift; sourceTree = "<group>"; };
		31ACCC0C27917C9F0076F158 /* Base */ = {isa = PBXFileReference; lastKnownFileType = file.storyboard; name = Base; path = Base.lproj/Main.storyboard; sourceTree = "<group>"; };
		31ACCC0E27917CA10076F158 /* Assets.xcassets */ = {isa = PBXFileReference; lastKnownFileType = folder.assetcatalog; path = Assets.xcassets; sourceTree = "<group>"; };
		31ACCC1127917CA10076F158 /* Base */ = {isa = PBXFileReference; lastKnownFileType = file.storyboard; name = Base; path = Base.lproj/LaunchScreen.storyboard; sourceTree = "<group>"; };
		31ACCC1327917CA10076F158 /* Info.plist */ = {isa = PBXFileReference; lastKnownFileType = text.plist.xml; path = Info.plist; sourceTree = "<group>"; };
		31ACCC192792CC870076F158 /* NetworkService.swift */ = {isa = PBXFileReference; lastKnownFileType = sourcecode.swift; path = NetworkService.swift; sourceTree = "<group>"; };
		31ACCC1B2792CD490076F158 /* Resource.swift */ = {isa = PBXFileReference; lastKnownFileType = sourcecode.swift; path = Resource.swift; sourceTree = "<group>"; };
		31ACCC1D2792CD7C0076F158 /* Router.swift */ = {isa = PBXFileReference; lastKnownFileType = sourcecode.swift; path = Router.swift; sourceTree = "<group>"; };
		31ACCC1F2792CDA50076F158 /* APODRouter.swift */ = {isa = PBXFileReference; lastKnownFileType = sourcecode.swift; path = APODRouter.swift; sourceTree = "<group>"; };
		31ACCC212792CE480076F158 /* RequestHeader.swift */ = {isa = PBXFileReference; lastKnownFileType = sourcecode.swift; path = RequestHeader.swift; sourceTree = "<group>"; };
		31ACCC232792CE670076F158 /* QueryParams.swift */ = {isa = PBXFileReference; lastKnownFileType = sourcecode.swift; path = QueryParams.swift; sourceTree = "<group>"; };
		31ACCC252792CE840076F158 /* HttpRequest.swift */ = {isa = PBXFileReference; lastKnownFileType = sourcecode.swift; path = HttpRequest.swift; sourceTree = "<group>"; };
		31ACCC272792D06D0076F158 /* AppConfig.swift */ = {isa = PBXFileReference; lastKnownFileType = sourcecode.swift; path = AppConfig.swift; sourceTree = "<group>"; };
		31ACCC292792D0EB0076F158 /* APODService.swift */ = {isa = PBXFileReference; lastKnownFileType = sourcecode.swift; path = APODService.swift; sourceTree = "<group>"; };
		31ACCC2B2792D1070076F158 /* AppError.swift */ = {isa = PBXFileReference; lastKnownFileType = sourcecode.swift; path = AppError.swift; sourceTree = "<group>"; };
		8DDFBFC22EC3EA494B760C47 /* Pods-NASA-Test.debug.xcconfig */ = {isa = PBXFileReference; includeInIndex = 1; lastKnownFileType = text.xcconfig; name = "Pods-NASA-Test.debug.xcconfig"; path = "Target Support Files/Pods-NASA-Test/Pods-NASA-Test.debug.xcconfig"; sourceTree = "<group>"; };
		BA2C903EA6FF56F8C4EC5FD5 /* Pods_APODSample.framework */ = {isa = PBXFileReference; explicitFileType = wrapper.framework; includeInIndex = 0; path = Pods_APODSample.framework; sourceTree = BUILT_PRODUCTS_DIR; };
/* End PBXFileReference section */

/* Begin PBXFrameworksBuildPhase section */
		31ACCBFF27917C9F0076F158 /* Frameworks */ = {
			isa = PBXFrameworksBuildPhase;
			buildActionMask = 2147483647;
			files = (
				B61FEA22785ED9DDEA749F67 /* Pods_APODSample.framework in Frameworks */,
			);
			runOnlyForDeploymentPostprocessing = 0;
		};
/* End PBXFrameworksBuildPhase section */

/* Begin PBXGroup section */
		059F60EFE6F8F2F5CA744BB9 /* Frameworks */ = {
			isa = PBXGroup;
			children = (
				BA2C903EA6FF56F8C4EC5FD5 /* Pods_APODSample.framework */,
			);
			name = Frameworks;
			sourceTree = "<group>";
		};
		318E81B2279D7126006FAFD6 /* ViewControllers */ = {
			isa = PBXGroup;
			children = (
				318E81B3279D7146006FAFD6 /* Cells&Xibs */,
				31ACCC0927917C9F0076F158 /* APODViewController.swift */,
				318E81AA279D549F006FAFD6 /* FavoriteViewController.swift */,
			);
			path = ViewControllers;
			sourceTree = "<group>";
		};
		318E81B3279D7146006FAFD6 /* Cells&Xibs */ = {
			isa = PBXGroup;
			children = (
				318E81AC279D55F8006FAFD6 /* APODTableViewCell.swift */,
				318E81AD279D55F8006FAFD6 /* APODTableViewCell.xib */,
			);
			path = "Cells&Xibs";
			sourceTree = "<group>";
		};
		318E81B4279D7160006FAFD6 /* Extensions */ = {
			isa = PBXGroup;
			children = (
				318E8194279D0C51006FAFD6 /* Date.swift */,
				318E81B5279D7170006FAFD6 /* String.swift */,
			);
			path = Extensions;
			sourceTree = "<group>";
		};
		318E81B7279D718C006FAFD6 /* Views */ = {
			isa = PBXGroup;
			children = (
				318E819E279D26BD006FAFD6 /* APODView.swift */,
				318E81A0279D2965006FAFD6 /* InfoView.swift */,
				318E81A2279D2A05006FAFD6 /* DatePickerView.swift */,
			);
			path = Views;
			sourceTree = "<group>";
		};
		318E81B8279D71A3006FAFD6 /* Common */ = {
			isa = PBXGroup;
			children = (
				31ACCC272792D06D0076F158 /* AppConfig.swift */,
				318E81A4279D31F8006FAFD6 /* AppColor.swift */,
				31ACCC2B2792D1070076F158 /* AppError.swift */,
			);
			path = Common;
			sourceTree = "<group>";
		};
		318E81B9279D71B3006FAFD6 /* Managers */ = {
			isa = PBXGroup;
			children = (
				318E819C279D1895006FAFD6 /* UserDefaultManager.swift */,
				318E81A6279D3EC9006FAFD6 /* RealmManager.swift */,
			);
			path = Managers;
			sourceTree = "<group>";
		};
		318E81BA279D71C9006FAFD6 /* Models */ = {
			isa = PBXGroup;
			children = (
				318E8196279D0F90006FAFD6 /* APODModel.swift */,
				318E81A8279D3EDE006FAFD6 /* APODModelRealm.swift */,
			);
			path = Models;
			sourceTree = "<group>";
		};
		318E81BB279D71E9006FAFD6 /* Network */ = {
			isa = PBXGroup;
			children = (
				31ACCC1D2792CD7C0076F158 /* Router.swift */,
				31ACCC212792CE480076F158 /* RequestHeader.swift */,
				31ACCC232792CE670076F158 /* QueryParams.swift */,
				31ACCC252792CE840076F158 /* HttpRequest.swift */,
				31ACCC1B2792CD490076F158 /* Resource.swift */,
				31ACCC192792CC870076F158 /* NetworkService.swift */,
			);
			path = Network;
			sourceTree = "<group>";
		};
		318E81BC279D7248006FAFD6 /* APODNetworkService */ = {
			isa = PBXGroup;
			children = (
				31ACCC292792D0EB0076F158 /* APODService.swift */,
				31ACCC1F2792CDA50076F158 /* APODRouter.swift */,
			);
			path = APODNetworkService;
			sourceTree = "<group>";
		};
		318E81BD279D7686006FAFD6 /* ViewModels */ = {
			isa = PBXGroup;
			children = (
				318E81BE279D76A7006FAFD6 /* APODViewModel.swift */,
				318E81C0279D76B4006FAFD6 /* FavoriteViewModel.swift */,
			);
			path = ViewModels;
			sourceTree = "<group>";
		};
		31ACCBF927917C9F0076F158 = {
			isa = PBXGroup;
			children = (
				31ACCC0427917C9F0076F158 /* APODSample */,
				31ACCC0327917C9F0076F158 /* Products */,
				F5F1FD93E8F94E9409B81284 /* Pods */,
				059F60EFE6F8F2F5CA744BB9 /* Frameworks */,
			);
			sourceTree = "<group>";
		};
		31ACCC0327917C9F0076F158 /* Products */ = {
			isa = PBXGroup;
			children = (
				31ACCC0227917C9F0076F158 /* APODSample.app */,
			);
			name = Products;
			sourceTree = "<group>";
		};
		31ACCC0427917C9F0076F158 /* APODSample */ = {
			isa = PBXGroup;
			children = (
				318E81BB279D71E9006FAFD6 /* Network */,
				318E81BC279D7248006FAFD6 /* APODNetworkService */,
				318E81BA279D71C9006FAFD6 /* Models */,
				318E81B9279D71B3006FAFD6 /* Managers */,
				318E81B8279D71A3006FAFD6 /* Common */,
				318E81B7279D718C006FAFD6 /* Views */,
				318E81B4279D7160006FAFD6 /* Extensions */,
				318E81BD279D7686006FAFD6 /* ViewModels */,
				318E81B2279D7126006FAFD6 /* ViewControllers */,
				31ACCC0527917C9F0076F158 /* AppDelegate.swift */,
				31ACCC0727917C9F0076F158 /* SceneDelegate.swift */,
				31ACCC0B27917C9F0076F158 /* Main.storyboard */,
				31ACCC0E27917CA10076F158 /* Assets.xcassets */,
				31ACCC1027917CA10076F158 /* LaunchScreen.storyboard */,
				31ACCC1327917CA10076F158 /* Info.plist */,
			);
			path = APODSample;
			sourceTree = "<group>";
		};
		F5F1FD93E8F94E9409B81284 /* Pods */ = {
			isa = PBXGroup;
			children = (
				8DDFBFC22EC3EA494B760C47 /* Pods-NASA-Test.debug.xcconfig */,
				1390B6EF8BFB27E4BACBEA40 /* Pods-NASA-Test.release.xcconfig */,
				07A7B88CA8CEE7A08475D24C /* Pods-APODSample.debug.xcconfig */,
				24F4C1C1888D8912D1615DFE /* Pods-APODSample.release.xcconfig */,
			);
			path = Pods;
			sourceTree = "<group>";
		};
/* End PBXGroup section */

/* Begin PBXNativeTarget section */
		31ACCC0127917C9F0076F158 /* APODSample */ = {
			isa = PBXNativeTarget;
			buildConfigurationList = 31ACCC1627917CA10076F158 /* Build configuration list for PBXNativeTarget "APODSample" */;
			buildPhases = (
				838A87BD0B1D235D8D4D3E9E /* [CP] Check Pods Manifest.lock */,
				31ACCBFE27917C9F0076F158 /* Sources */,
				31ACCBFF27917C9F0076F158 /* Frameworks */,
				31ACCC0027917C9F0076F158 /* Resources */,
				2473C5F20231167D121F5E8B /* [CP] Embed Pods Frameworks */,
			);
			buildRules = (
			);
			dependencies = (
			);
			name = APODSample;
			productName = "NASA-Test";
			productReference = 31ACCC0227917C9F0076F158 /* APODSample.app */;
			productType = "com.apple.product-type.application";
		};
/* End PBXNativeTarget section */

/* Begin PBXProject section */
		31ACCBFA27917C9F0076F158 /* Project object */ = {
			isa = PBXProject;
			attributes = {
				BuildIndependentTargetsInParallel = 1;
				LastSwiftUpdateCheck = 1320;
				LastUpgradeCheck = 1320;
				TargetAttributes = {
					31ACCC0127917C9F0076F158 = {
						CreatedOnToolsVersion = 13.2.1;
					};
				};
			};
			buildConfigurationList = 31ACCBFD27917C9F0076F158 /* Build configuration list for PBXProject "APODSample" */;
			compatibilityVersion = "Xcode 13.0";
			developmentRegion = en;
			hasScannedForEncodings = 0;
			knownRegions = (
				en,
				Base,
			);
			mainGroup = 31ACCBF927917C9F0076F158;
			productRefGroup = 31ACCC0327917C9F0076F158 /* Products */;
			projectDirPath = "";
			projectRoot = "";
			targets = (
				31ACCC0127917C9F0076F158 /* APODSample */,
			);
		};
/* End PBXProject section */

/* Begin PBXResourcesBuildPhase section */
		31ACCC0027917C9F0076F158 /* Resources */ = {
			isa = PBXResourcesBuildPhase;
			buildActionMask = 2147483647;
			files = (
				31ACCC1227917CA10076F158 /* LaunchScreen.storyboard in Resources */,
				318E81AF279D55F8006FAFD6 /* APODTableViewCell.xib in Resources */,
				31ACCC0F27917CA10076F158 /* Assets.xcassets in Resources */,
				31ACCC0D27917C9F0076F158 /* Main.storyboard in Resources */,
			);
			runOnlyForDeploymentPostprocessing = 0;
		};
/* End PBXResourcesBuildPhase section */

/* Begin PBXShellScriptBuildPhase section */
		2473C5F20231167D121F5E8B /* [CP] Embed Pods Frameworks */ = {
			isa = PBXShellScriptBuildPhase;
			buildActionMask = 2147483647;
			files = (
			);
			inputFileListPaths = (
				"${PODS_ROOT}/Target Support Files/Pods-APODSample/Pods-APODSample-frameworks-${CONFIGURATION}-input-files.xcfilelist",
			);
			name = "[CP] Embed Pods Frameworks";
			outputFileListPaths = (
				"${PODS_ROOT}/Target Support Files/Pods-APODSample/Pods-APODSample-frameworks-${CONFIGURATION}-output-files.xcfilelist",
			);
			runOnlyForDeploymentPostprocessing = 0;
			shellPath = /bin/sh;
			shellScript = "\"${PODS_ROOT}/Target Support Files/Pods-APODSample/Pods-APODSample-frameworks.sh\"\n";
			showEnvVarsInLog = 0;
		};
		838A87BD0B1D235D8D4D3E9E /* [CP] Check Pods Manifest.lock */ = {
			isa = PBXShellScriptBuildPhase;
			buildActionMask = 2147483647;
			files = (
			);
			inputFileListPaths = (
			);
			inputPaths = (
				"${PODS_PODFILE_DIR_PATH}/Podfile.lock",
				"${PODS_ROOT}/Manifest.lock",
			);
			name = "[CP] Check Pods Manifest.lock";
			outputFileListPaths = (
			);
			outputPaths = (
				"$(DERIVED_FILE_DIR)/Pods-APODSample-checkManifestLockResult.txt",
			);
			runOnlyForDeploymentPostprocessing = 0;
			shellPath = /bin/sh;
			shellScript = "diff \"${PODS_PODFILE_DIR_PATH}/Podfile.lock\" \"${PODS_ROOT}/Manifest.lock\" > /dev/null\nif [ $? != 0 ] ; then\n    # print error to STDERR\n    echo \"error: The sandbox is not in sync with the Podfile.lock. Run 'pod install' or update your CocoaPods installation.\" >&2\n    exit 1\nfi\n# This output is used by Xcode 'outputs' to avoid re-running this script phase.\necho \"SUCCESS\" > \"${SCRIPT_OUTPUT_FILE_0}\"\n";
			showEnvVarsInLog = 0;
		};
/* End PBXShellScriptBuildPhase section */

/* Begin PBXSourcesBuildPhase section */
		31ACCBFE27917C9F0076F158 /* Sources */ = {
			isa = PBXSourcesBuildPhase;
			buildActionMask = 2147483647;
			files = (
				318E81C1279D76B4006FAFD6 /* FavoriteViewModel.swift in Sources */,
				318E81BF279D76A7006FAFD6 /* APODViewModel.swift in Sources */,
				318E81AB279D549F006FAFD6 /* FavoriteViewController.swift in Sources */,
				31ACCC222792CE480076F158 /* RequestHeader.swift in Sources */,
				318E81A5279D31F8006FAFD6 /* AppColor.swift in Sources */,
				31ACCC262792CE840076F158 /* HttpRequest.swift in Sources */,
				318E81A7279D3EC9006FAFD6 /* RealmManager.swift in Sources */,
				318E819D279D1895006FAFD6 /* UserDefaultManager.swift in Sources */,
				31ACCC282792D06D0076F158 /* AppConfig.swift in Sources */,
				31ACCC0A27917C9F0076F158 /* APODViewController.swift in Sources */,
				31ACCC2C2792D1070076F158 /* AppError.swift in Sources */,
				31ACCC202792CDA50076F158 /* APODRouter.swift in Sources */,
				318E81A1279D2965006FAFD6 /* InfoView.swift in Sources */,
				318E81A3279D2A05006FAFD6 /* DatePickerView.swift in Sources */,
				318E81A9279D3EDE006FAFD6 /* APODModelRealm.swift in Sources */,
				31ACCC2A2792D0EB0076F158 /* APODService.swift in Sources */,
				31ACCC0627917C9F0076F158 /* AppDelegate.swift in Sources */,
				318E8197279D0F90006FAFD6 /* APODModel.swift in Sources */,
				31ACCC242792CE670076F158 /* QueryParams.swift in Sources */,
				318E81B6279D7171006FAFD6 /* String.swift in Sources */,
				318E81AE279D55F8006FAFD6 /* APODTableViewCell.swift in Sources */,
				318E8195279D0C51006FAFD6 /* Date.swift in Sources */,
				31ACCC1A2792CC870076F158 /* NetworkService.swift in Sources */,
				31ACCC1C2792CD490076F158 /* Resource.swift in Sources */,
				318E819F279D26BD006FAFD6 /* APODView.swift in Sources */,
				31ACCC1E2792CD7C0076F158 /* Router.swift in Sources */,
				31ACCC0827917C9F0076F158 /* SceneDelegate.swift in Sources */,
			);
			runOnlyForDeploymentPostprocessing = 0;
		};
/* End PBXSourcesBuildPhase section */

/* Begin PBXVariantGroup section */
		31ACCC0B27917C9F0076F158 /* Main.storyboard */ = {
			isa = PBXVariantGroup;
			children = (
				31ACCC0C27917C9F0076F158 /* Base */,
			);
			name = Main.storyboard;
			sourceTree = "<group>";
		};
		31ACCC1027917CA10076F158 /* LaunchScreen.storyboard */ = {
			isa = PBXVariantGroup;
			children = (
				31ACCC1127917CA10076F158 /* Base */,
			);
			name = LaunchScreen.storyboard;
			sourceTree = "<group>";
		};
/* End PBXVariantGroup section */

/* Begin XCBuildConfiguration section */
		31ACCC1427917CA10076F158 /* Debug */ = {
			isa = XCBuildConfiguration;
			buildSettings = {
				ALWAYS_SEARCH_USER_PATHS = NO;
				CLANG_ANALYZER_NONNULL = YES;
				CLANG_ANALYZER_NUMBER_OBJECT_CONVERSION = YES_AGGRESSIVE;
				CLANG_CXX_LANGUAGE_STANDARD = "gnu++17";
				CLANG_CXX_LIBRARY = "libc++";
				CLANG_ENABLE_MODULES = YES;
				CLANG_ENABLE_OBJC_ARC = YES;
				CLANG_ENABLE_OBJC_WEAK = YES;
				CLANG_WARN_BLOCK_CAPTURE_AUTORELEASING = YES;
				CLANG_WARN_BOOL_CONVERSION = YES;
				CLANG_WARN_COMMA = YES;
				CLANG_WARN_CONSTANT_CONVERSION = YES;
				CLANG_WARN_DEPRECATED_OBJC_IMPLEMENTATIONS = YES;
				CLANG_WARN_DIRECT_OBJC_ISA_USAGE = YES_ERROR;
				CLANG_WARN_DOCUMENTATION_COMMENTS = YES;
				CLANG_WARN_EMPTY_BODY = YES;
				CLANG_WARN_ENUM_CONVERSION = YES;
				CLANG_WARN_INFINITE_RECURSION = YES;
				CLANG_WARN_INT_CONVERSION = YES;
				CLANG_WARN_NON_LITERAL_NULL_CONVERSION = YES;
				CLANG_WARN_OBJC_IMPLICIT_RETAIN_SELF = YES;
				CLANG_WARN_OBJC_LITERAL_CONVERSION = YES;
				CLANG_WARN_OBJC_ROOT_CLASS = YES_ERROR;
				CLANG_WARN_QUOTED_INCLUDE_IN_FRAMEWORK_HEADER = YES;
				CLANG_WARN_RANGE_LOOP_ANALYSIS = YES;
				CLANG_WARN_STRICT_PROTOTYPES = YES;
				CLANG_WARN_SUSPICIOUS_MOVE = YES;
				CLANG_WARN_UNGUARDED_AVAILABILITY = YES_AGGRESSIVE;
				CLANG_WARN_UNREACHABLE_CODE = YES;
				CLANG_WARN__DUPLICATE_METHOD_MATCH = YES;
				COPY_PHASE_STRIP = NO;
				DEBUG_INFORMATION_FORMAT = dwarf;
				ENABLE_STRICT_OBJC_MSGSEND = YES;
				ENABLE_TESTABILITY = YES;
				GCC_C_LANGUAGE_STANDARD = gnu11;
				GCC_DYNAMIC_NO_PIC = NO;
				GCC_NO_COMMON_BLOCKS = YES;
				GCC_OPTIMIZATION_LEVEL = 0;
				GCC_PREPROCESSOR_DEFINITIONS = (
					"DEBUG=1",
					"$(inherited)",
				);
				GCC_WARN_64_TO_32_BIT_CONVERSION = YES;
				GCC_WARN_ABOUT_RETURN_TYPE = YES_ERROR;
				GCC_WARN_UNDECLARED_SELECTOR = YES;
				GCC_WARN_UNINITIALIZED_AUTOS = YES_AGGRESSIVE;
				GCC_WARN_UNUSED_FUNCTION = YES;
				GCC_WARN_UNUSED_VARIABLE = YES;
				IPHONEOS_DEPLOYMENT_TARGET = 15.2;
				MTL_ENABLE_DEBUG_INFO = INCLUDE_SOURCE;
				MTL_FAST_MATH = YES;
				ONLY_ACTIVE_ARCH = YES;
				SDKROOT = iphoneos;
				SWIFT_ACTIVE_COMPILATION_CONDITIONS = DEBUG;
				SWIFT_OPTIMIZATION_LEVEL = "-Onone";
			};
			name = Debug;
		};
		31ACCC1527917CA10076F158 /* Release */ = {
			isa = XCBuildConfiguration;
			buildSettings = {
				ALWAYS_SEARCH_USER_PATHS = NO;
				CLANG_ANALYZER_NONNULL = YES;
				CLANG_ANALYZER_NUMBER_OBJECT_CONVERSION = YES_AGGRESSIVE;
				CLANG_CXX_LANGUAGE_STANDARD = "gnu++17";
				CLANG_CXX_LIBRARY = "libc++";
				CLANG_ENABLE_MODULES = YES;
				CLANG_ENABLE_OBJC_ARC = YES;
				CLANG_ENABLE_OBJC_WEAK = YES;
				CLANG_WARN_BLOCK_CAPTURE_AUTORELEASING = YES;
				CLANG_WARN_BOOL_CONVERSION = YES;
				CLANG_WARN_COMMA = YES;
				CLANG_WARN_CONSTANT_CONVERSION = YES;
				CLANG_WARN_DEPRECATED_OBJC_IMPLEMENTATIONS = YES;
				CLANG_WARN_DIRECT_OBJC_ISA_USAGE = YES_ERROR;
				CLANG_WARN_DOCUMENTATION_COMMENTS = YES;
				CLANG_WARN_EMPTY_BODY = YES;
				CLANG_WARN_ENUM_CONVERSION = YES;
				CLANG_WARN_INFINITE_RECURSION = YES;
				CLANG_WARN_INT_CONVERSION = YES;
				CLANG_WARN_NON_LITERAL_NULL_CONVERSION = YES;
				CLANG_WARN_OBJC_IMPLICIT_RETAIN_SELF = YES;
				CLANG_WARN_OBJC_LITERAL_CONVERSION = YES;
				CLANG_WARN_OBJC_ROOT_CLASS = YES_ERROR;
				CLANG_WARN_QUOTED_INCLUDE_IN_FRAMEWORK_HEADER = YES;
				CLANG_WARN_RANGE_LOOP_ANALYSIS = YES;
				CLANG_WARN_STRICT_PROTOTYPES = YES;
				CLANG_WARN_SUSPICIOUS_MOVE = YES;
				CLANG_WARN_UNGUARDED_AVAILABILITY = YES_AGGRESSIVE;
				CLANG_WARN_UNREACHABLE_CODE = YES;
				CLANG_WARN__DUPLICATE_METHOD_MATCH = YES;
				COPY_PHASE_STRIP = NO;
				DEBUG_INFORMATION_FORMAT = "dwarf-with-dsym";
				ENABLE_NS_ASSERTIONS = NO;
				ENABLE_STRICT_OBJC_MSGSEND = YES;
				GCC_C_LANGUAGE_STANDARD = gnu11;
				GCC_NO_COMMON_BLOCKS = YES;
				GCC_WARN_64_TO_32_BIT_CONVERSION = YES;
				GCC_WARN_ABOUT_RETURN_TYPE = YES_ERROR;
				GCC_WARN_UNDECLARED_SELECTOR = YES;
				GCC_WARN_UNINITIALIZED_AUTOS = YES_AGGRESSIVE;
				GCC_WARN_UNUSED_FUNCTION = YES;
				GCC_WARN_UNUSED_VARIABLE = YES;
				IPHONEOS_DEPLOYMENT_TARGET = 15.2;
				MTL_ENABLE_DEBUG_INFO = NO;
				MTL_FAST_MATH = YES;
				SDKROOT = iphoneos;
				SWIFT_COMPILATION_MODE = wholemodule;
				SWIFT_OPTIMIZATION_LEVEL = "-O";
				VALIDATE_PRODUCT = YES;
			};
			name = Release;
		};
		31ACCC1727917CA10076F158 /* Debug */ = {
			isa = XCBuildConfiguration;
			baseConfigurationReference = 07A7B88CA8CEE7A08475D24C /* Pods-APODSample.debug.xcconfig */;
			buildSettings = {
				ASSETCATALOG_COMPILER_APPICON_NAME = AppIcon;
				ASSETCATALOG_COMPILER_GLOBAL_ACCENT_COLOR_NAME = AccentColor;
				CODE_SIGN_STYLE = Automatic;
				CURRENT_PROJECT_VERSION = 1;
				DEVELOPMENT_TEAM = A9UVB7A9K9;
				GENERATE_INFOPLIST_FILE = YES;
				INFOPLIST_FILE = APODSample/Info.plist;
				INFOPLIST_KEY_UIApplicationSupportsIndirectInputEvents = YES;
				INFOPLIST_KEY_UILaunchStoryboardName = LaunchScreen;
				INFOPLIST_KEY_UIMainStoryboardFile = Main;
				INFOPLIST_KEY_UISupportedInterfaceOrientations = "UIInterfaceOrientationPortrait UIInterfaceOrientationPortraitUpsideDown UIInterfaceOrientationLandscapeLeft UIInterfaceOrientationLandscapeRight";
				INFOPLIST_KEY_UISupportedInterfaceOrientations_iPad = "UIInterfaceOrientationPortrait UIInterfaceOrientationPortraitUpsideDown UIInterfaceOrientationLandscapeLeft UIInterfaceOrientationLandscapeRight";
				INFOPLIST_KEY_UISupportedInterfaceOrientations_iPhone = "UIInterfaceOrientationPortrait UIInterfaceOrientationLandscapeLeft UIInterfaceOrientationLandscapeRight";
				IPHONEOS_DEPLOYMENT_TARGET = 13.0;
				LD_RUNPATH_SEARCH_PATHS = (
					"$(inherited)",
					"@executable_path/Frameworks",
				);
				MARKETING_VERSION = 1.0;
				PRODUCT_BUNDLE_IDENTIFIER = com.kumawat.APODSample;
				PRODUCT_NAME = "$(TARGET_NAME)";
				SWIFT_EMIT_LOC_STRINGS = YES;
				SWIFT_VERSION = 5.0;
				TARGETED_DEVICE_FAMILY = "1,2";
			};
			name = Debug;
		};
		31ACCC1827917CA10076F158 /* Release */ = {
			isa = XCBuildConfiguration;
			baseConfigurationReference = 24F4C1C1888D8912D1615DFE /* Pods-APODSample.release.xcconfig */;
			buildSettings = {
				ASSETCATALOG_COMPILER_APPICON_NAME = AppIcon;
				ASSETCATALOG_COMPILER_GLOBAL_ACCENT_COLOR_NAME = AccentColor;
				CODE_SIGN_STYLE = Automatic;
				CURRENT_PROJECT_VERSION = 1;
				DEVELOPMENT_TEAM = A9UVB7A9K9;
				GENERATE_INFOPLIST_FILE = YES;
				INFOPLIST_FILE = APODSample/Info.plist;
				INFOPLIST_KEY_UIApplicationSupportsIndirectInputEvents = YES;
				INFOPLIST_KEY_UILaunchStoryboardName = LaunchScreen;
				INFOPLIST_KEY_UIMainStoryboardFile = Main;
				INFOPLIST_KEY_UISupportedInterfaceOrientations = "UIInterfaceOrientationPortrait UIInterfaceOrientationPortraitUpsideDown UIInterfaceOrientationLandscapeLeft UIInterfaceOrientationLandscapeRight";
				INFOPLIST_KEY_UISupportedInterfaceOrientations_iPad = "UIInterfaceOrientationPortrait UIInterfaceOrientationPortraitUpsideDown UIInterfaceOrientationLandscapeLeft UIInterfaceOrientationLandscapeRight";
				INFOPLIST_KEY_UISupportedInterfaceOrientations_iPhone = "UIInterfaceOrientationPortrait UIInterfaceOrientationLandscapeLeft UIInterfaceOrientationLandscapeRight";
				IPHONEOS_DEPLOYMENT_TARGET = 13.0;
				LD_RUNPATH_SEARCH_PATHS = (
					"$(inherited)",
					"@executable_path/Frameworks",
				);
				MARKETING_VERSION = 1.0;
				PRODUCT_BUNDLE_IDENTIFIER = com.kumawat.APODSample;
				PRODUCT_NAME = "$(TARGET_NAME)";
				SWIFT_EMIT_LOC_STRINGS = YES;
				SWIFT_VERSION = 5.0;
				TARGETED_DEVICE_FAMILY = "1,2";
			};
			name = Release;
		};
/* End XCBuildConfiguration section */

/* Begin XCConfigurationList section */
		31ACCBFD27917C9F0076F158 /* Build configuration list for PBXProject "APODSample" */ = {
			isa = XCConfigurationList;
			buildConfigurations = (
				31ACCC1427917CA10076F158 /* Debug */,
				31ACCC1527917CA10076F158 /* Release */,
			);
			defaultConfigurationIsVisible = 0;
			defaultConfigurationName = Release;
		};
		31ACCC1627917CA10076F158 /* Build configuration list for PBXNativeTarget "APODSample" */ = {
			isa = XCConfigurationList;
			buildConfigurations = (
				31ACCC1727917CA10076F158 /* Debug */,
				31ACCC1827917CA10076F158 /* Release */,
			);
			defaultConfigurationIsVisible = 0;
			defaultConfigurationName = Release;
		};
/* End XCConfigurationList section */
	};
	rootObject = 31ACCBFA27917C9F0076F158 /* Project object */;
}
